// !$*UTF8*$!
{
	archiveVersion = 1;
	classes = {
	};
	objectVersion = 48;
	objects = {

/* Begin PBXBuildFile section */
		BDDA07BBA8751E070007F956 /* Pods_ios_teaching.framework in Frameworks */ = {isa = PBXBuildFile; fileRef = EF066349866A61016AD20CDB /* Pods_ios_teaching.framework */; };
		F10AD7CA20A072B8007CAA65 /* IntroVC.swift in Sources */ = {isa = PBXBuildFile; fileRef = F10AD7C920A072B8007CAA65 /* IntroVC.swift */; };
		F10AD7CC20A074CF007CAA65 /* IntroCell.swift in Sources */ = {isa = PBXBuildFile; fileRef = F10AD7CB20A074CF007CAA65 /* IntroCell.swift */; };
		F10D66822087616E00B2E449 /* AppDelegate.swift in Sources */ = {isa = PBXBuildFile; fileRef = F10D66812087616E00B2E449 /* AppDelegate.swift */; };
		F10D66842087616E00B2E449 /* ProvinceVC.swift in Sources */ = {isa = PBXBuildFile; fileRef = F10D66832087616E00B2E449 /* ProvinceVC.swift */; };
		F10D66872087616E00B2E449 /* Main.storyboard in Resources */ = {isa = PBXBuildFile; fileRef = F10D66852087616E00B2E449 /* Main.storyboard */; };
		F10D668A2087616E00B2E449 /* ios_teaching.xcdatamodeld in Sources */ = {isa = PBXBuildFile; fileRef = F10D66882087616E00B2E449 /* ios_teaching.xcdatamodeld */; };
		F10D668C2087616E00B2E449 /* Assets.xcassets in Resources */ = {isa = PBXBuildFile; fileRef = F10D668B2087616E00B2E449 /* Assets.xcassets */; };
		F10D668F2087616E00B2E449 /* LaunchScreen.storyboard in Resources */ = {isa = PBXBuildFile; fileRef = F10D668D2087616E00B2E449 /* LaunchScreen.storyboard */; };
		F10D669A2087616F00B2E449 /* ios_teachingUITests.swift in Sources */ = {isa = PBXBuildFile; fileRef = F10D66992087616F00B2E449 /* ios_teachingUITests.swift */; };
		F10D66A62087623F00B2E449 /* LoginVC.swift in Sources */ = {isa = PBXBuildFile; fileRef = F10D66A52087623F00B2E449 /* LoginVC.swift */; };
		F10D66A8208767F100B2E449 /* CornerRadiusView.swift in Sources */ = {isa = PBXBuildFile; fileRef = F10D66A7208767F100B2E449 /* CornerRadiusView.swift */; };
		F10D66AA20876B6200B2E449 /* CornerRadiusButton.swift in Sources */ = {isa = PBXBuildFile; fileRef = F10D66A920876B6200B2E449 /* CornerRadiusButton.swift */; };
		F10D66AD208770A600B2E449 /* SellingTableVC.swift in Sources */ = {isa = PBXBuildFile; fileRef = F10D66AC208770A600B2E449 /* SellingTableVC.swift */; };
		F10D66AF2087767F00B2E449 /* SellingCell.swift in Sources */ = {isa = PBXBuildFile; fileRef = F10D66AE2087767F00B2E449 /* SellingCell.swift */; };
		F11934752099E95300EE9CEC /* SettingCell.swift in Sources */ = {isa = PBXBuildFile; fileRef = F11934742099E95300EE9CEC /* SettingCell.swift */; };
		F11BFD922099E07C00351130 /* RoundAvatar.swift in Sources */ = {isa = PBXBuildFile; fileRef = F11BFD912099E07C00351130 /* RoundAvatar.swift */; };
		F11BFD952099E23400351130 /* ProfileVC.swift in Sources */ = {isa = PBXBuildFile; fileRef = F11BFD942099E23400351130 /* ProfileVC.swift */; };
		F11BFD972099E2DA00351130 /* ProfileCell.swift in Sources */ = {isa = PBXBuildFile; fileRef = F11BFD962099E2DA00351130 /* ProfileCell.swift */; };
		F1745CE720B2EC070076B600 /* TabBarVC.swift in Sources */ = {isa = PBXBuildFile; fileRef = F1745CE620B2EC070076B600 /* TabBarVC.swift */; };
		F19B1815208A1D0C008AFE42 /* ProvinceCell.swift in Sources */ = {isa = PBXBuildFile; fileRef = F19B1814208A1D0C008AFE42 /* ProvinceCell.swift */; };
		F1A2139B20A9AB1C008E9547 /* Intro.swift in Sources */ = {isa = PBXBuildFile; fileRef = F1A2139A20A9AB1C008E9547 /* Intro.swift */; };
		F1A213A720A9B060008E9547 /* Api.swift in Sources */ = {isa = PBXBuildFile; fileRef = F1A213A620A9B060008E9547 /* Api.swift */; };
		F1A8C39B20AEF1E7001A3B74 /* Product.swift in Sources */ = {isa = PBXBuildFile; fileRef = F1A8C39A20AEF1E7001A3B74 /* Product.swift */; };
		F1A8C39D20AEF661001A3B74 /* Category.swift in Sources */ = {isa = PBXBuildFile; fileRef = F1A8C39C20AEF661001A3B74 /* Category.swift */; };
		F1A8C39F20AEF68A001A3B74 /* Unit.swift in Sources */ = {isa = PBXBuildFile; fileRef = F1A8C39E20AEF68A001A3B74 /* Unit.swift */; };
		F1A8C3A120AEF94A001A3B74 /* ProductInfo.swift in Sources */ = {isa = PBXBuildFile; fileRef = F1A8C3A020AEF94A001A3B74 /* ProductInfo.swift */; };
		F1F75217209C7B06009A87A2 /* SellSizingTableViewVC.swift in Sources */ = {isa = PBXBuildFile; fileRef = F1F75216209C7B06009A87A2 /* SellSizingTableViewVC.swift */; };
		F1FC464E20A314BC0065C1EC /* ProfileVC+UITableViewDataSource.swift in Sources */ = {isa = PBXBuildFile; fileRef = F1FC464D20A314BC0065C1EC /* ProfileVC+UITableViewDataSource.swift */; };
		F1FC465120A315110065C1EC /* Extensions.swift in Sources */ = {isa = PBXBuildFile; fileRef = F1FC465020A315110065C1EC /* Extensions.swift */; };
		F1FC465420A32AC50065C1EC /* NotificationVC.swift in Sources */ = {isa = PBXBuildFile; fileRef = F1FC465220A32AC50065C1EC /* NotificationVC.swift */; };
		F1FC465520A32AC50065C1EC /* NotificationVC.xib in Resources */ = {isa = PBXBuildFile; fileRef = F1FC465320A32AC50065C1EC /* NotificationVC.xib */; };
/* End PBXBuildFile section */

/* Begin PBXContainerItemProxy section */
		F10D66962087616F00B2E449 /* PBXContainerItemProxy */ = {
			isa = PBXContainerItemProxy;
			containerPortal = F10D66762087616E00B2E449 /* Project object */;
			proxyType = 1;
			remoteGlobalIDString = F10D667D2087616E00B2E449;
			remoteInfo = "ios-teaching";
		};
/* End PBXContainerItemProxy section */

/* Begin PBXFileReference section */
		C18908B561C5BFE8A952B4F1 /* Pods-ios-teaching.debug.xcconfig */ = {isa = PBXFileReference; includeInIndex = 1; lastKnownFileType = text.xcconfig; name = "Pods-ios-teaching.debug.xcconfig"; path = "Pods/Target Support Files/Pods-ios-teaching/Pods-ios-teaching.debug.xcconfig"; sourceTree = "<group>"; };
		E08B68C6D8C69808980BF4BF /* Pods-ios-teaching.release.xcconfig */ = {isa = PBXFileReference; includeInIndex = 1; lastKnownFileType = text.xcconfig; name = "Pods-ios-teaching.release.xcconfig"; path = "Pods/Target Support Files/Pods-ios-teaching/Pods-ios-teaching.release.xcconfig"; sourceTree = "<group>"; };
		EF066349866A61016AD20CDB /* Pods_ios_teaching.framework */ = {isa = PBXFileReference; explicitFileType = wrapper.framework; includeInIndex = 0; path = Pods_ios_teaching.framework; sourceTree = BUILT_PRODUCTS_DIR; };
		F10AD7C920A072B8007CAA65 /* IntroVC.swift */ = {isa = PBXFileReference; lastKnownFileType = sourcecode.swift; path = IntroVC.swift; sourceTree = "<group>"; };
		F10AD7CB20A074CF007CAA65 /* IntroCell.swift */ = {isa = PBXFileReference; lastKnownFileType = sourcecode.swift; path = IntroCell.swift; sourceTree = "<group>"; };
		F10D667E2087616E00B2E449 /* ios-teaching.app */ = {isa = PBXFileReference; explicitFileType = wrapper.application; includeInIndex = 0; path = "ios-teaching.app"; sourceTree = BUILT_PRODUCTS_DIR; };
		F10D66812087616E00B2E449 /* AppDelegate.swift */ = {isa = PBXFileReference; lastKnownFileType = sourcecode.swift; path = AppDelegate.swift; sourceTree = "<group>"; };
		F10D66832087616E00B2E449 /* ProvinceVC.swift */ = {isa = PBXFileReference; lastKnownFileType = sourcecode.swift; path = ProvinceVC.swift; sourceTree = "<group>"; };
		F10D66862087616E00B2E449 /* Base */ = {isa = PBXFileReference; lastKnownFileType = file.storyboard; name = Base; path = Base.lproj/Main.storyboard; sourceTree = "<group>"; };
		F10D66892087616E00B2E449 /* ios_teaching.xcdatamodel */ = {isa = PBXFileReference; lastKnownFileType = wrapper.xcdatamodel; path = ios_teaching.xcdatamodel; sourceTree = "<group>"; };
		F10D668B2087616E00B2E449 /* Assets.xcassets */ = {isa = PBXFileReference; lastKnownFileType = folder.assetcatalog; path = Assets.xcassets; sourceTree = "<group>"; };
		F10D668E2087616E00B2E449 /* Base */ = {isa = PBXFileReference; lastKnownFileType = file.storyboard; name = Base; path = Base.lproj/LaunchScreen.storyboard; sourceTree = "<group>"; };
		F10D66902087616E00B2E449 /* Info.plist */ = {isa = PBXFileReference; lastKnownFileType = text.plist.xml; path = Info.plist; sourceTree = "<group>"; };
		F10D66952087616F00B2E449 /* ios-teachingUITests.xctest */ = {isa = PBXFileReference; explicitFileType = wrapper.cfbundle; includeInIndex = 0; path = "ios-teachingUITests.xctest"; sourceTree = BUILT_PRODUCTS_DIR; };
		F10D66992087616F00B2E449 /* ios_teachingUITests.swift */ = {isa = PBXFileReference; lastKnownFileType = sourcecode.swift; path = ios_teachingUITests.swift; sourceTree = "<group>"; };
		F10D669B2087616F00B2E449 /* Info.plist */ = {isa = PBXFileReference; lastKnownFileType = text.plist.xml; path = Info.plist; sourceTree = "<group>"; };
		F10D66A52087623F00B2E449 /* LoginVC.swift */ = {isa = PBXFileReference; lastKnownFileType = sourcecode.swift; path = LoginVC.swift; sourceTree = "<group>"; };
		F10D66A7208767F100B2E449 /* CornerRadiusView.swift */ = {isa = PBXFileReference; lastKnownFileType = sourcecode.swift; path = CornerRadiusView.swift; sourceTree = "<group>"; };
		F10D66A920876B6200B2E449 /* CornerRadiusButton.swift */ = {isa = PBXFileReference; lastKnownFileType = sourcecode.swift; path = CornerRadiusButton.swift; sourceTree = "<group>"; };
		F10D66AC208770A600B2E449 /* SellingTableVC.swift */ = {isa = PBXFileReference; lastKnownFileType = sourcecode.swift; path = SellingTableVC.swift; sourceTree = "<group>"; };
		F10D66AE2087767F00B2E449 /* SellingCell.swift */ = {isa = PBXFileReference; lastKnownFileType = sourcecode.swift; path = SellingCell.swift; sourceTree = "<group>"; };
		F11934742099E95300EE9CEC /* SettingCell.swift */ = {isa = PBXFileReference; lastKnownFileType = sourcecode.swift; path = SettingCell.swift; sourceTree = "<group>"; };
		F11BFD912099E07C00351130 /* RoundAvatar.swift */ = {isa = PBXFileReference; lastKnownFileType = sourcecode.swift; path = RoundAvatar.swift; sourceTree = "<group>"; };
		F11BFD942099E23400351130 /* ProfileVC.swift */ = {isa = PBXFileReference; lastKnownFileType = sourcecode.swift; path = ProfileVC.swift; sourceTree = "<group>"; };
		F11BFD962099E2DA00351130 /* ProfileCell.swift */ = {isa = PBXFileReference; lastKnownFileType = sourcecode.swift; path = ProfileCell.swift; sourceTree = "<group>"; };
		F1745CE620B2EC070076B600 /* TabBarVC.swift */ = {isa = PBXFileReference; lastKnownFileType = sourcecode.swift; path = TabBarVC.swift; sourceTree = "<group>"; };
		F19B1814208A1D0C008AFE42 /* ProvinceCell.swift */ = {isa = PBXFileReference; lastKnownFileType = sourcecode.swift; path = ProvinceCell.swift; sourceTree = "<group>"; };
		F1A2139A20A9AB1C008E9547 /* Intro.swift */ = {isa = PBXFileReference; lastKnownFileType = sourcecode.swift; path = Intro.swift; sourceTree = "<group>"; };
		F1A213A620A9B060008E9547 /* Api.swift */ = {isa = PBXFileReference; lastKnownFileType = sourcecode.swift; path = Api.swift; sourceTree = "<group>"; };
		F1A8C39A20AEF1E7001A3B74 /* Product.swift */ = {isa = PBXFileReference; lastKnownFileType = sourcecode.swift; path = Product.swift; sourceTree = "<group>"; };
		F1A8C39C20AEF661001A3B74 /* Category.swift */ = {isa = PBXFileReference; lastKnownFileType = sourcecode.swift; path = Category.swift; sourceTree = "<group>"; };
		F1A8C39E20AEF68A001A3B74 /* Unit.swift */ = {isa = PBXFileReference; lastKnownFileType = sourcecode.swift; path = Unit.swift; sourceTree = "<group>"; };
		F1A8C3A020AEF94A001A3B74 /* ProductInfo.swift */ = {isa = PBXFileReference; lastKnownFileType = sourcecode.swift; path = ProductInfo.swift; sourceTree = "<group>"; };
		F1F75216209C7B06009A87A2 /* SellSizingTableViewVC.swift */ = {isa = PBXFileReference; lastKnownFileType = sourcecode.swift; path = SellSizingTableViewVC.swift; sourceTree = "<group>"; };
		F1FC464D20A314BC0065C1EC /* ProfileVC+UITableViewDataSource.swift */ = {isa = PBXFileReference; lastKnownFileType = sourcecode.swift; path = "ProfileVC+UITableViewDataSource.swift"; sourceTree = "<group>"; };
		F1FC465020A315110065C1EC /* Extensions.swift */ = {isa = PBXFileReference; lastKnownFileType = sourcecode.swift; path = Extensions.swift; sourceTree = "<group>"; };
		F1FC465220A32AC50065C1EC /* NotificationVC.swift */ = {isa = PBXFileReference; lastKnownFileType = sourcecode.swift; path = NotificationVC.swift; sourceTree = "<group>"; };
		F1FC465320A32AC50065C1EC /* NotificationVC.xib */ = {isa = PBXFileReference; lastKnownFileType = file.xib; path = NotificationVC.xib; sourceTree = "<group>"; };
/* End PBXFileReference section */

/* Begin PBXFrameworksBuildPhase section */
		F10D667B2087616E00B2E449 /* Frameworks */ = {
			isa = PBXFrameworksBuildPhase;
			buildActionMask = 2147483647;
			files = (
				BDDA07BBA8751E070007F956 /* Pods_ios_teaching.framework in Frameworks */,
			);
			runOnlyForDeploymentPostprocessing = 0;
		};
		F10D66922087616F00B2E449 /* Frameworks */ = {
			isa = PBXFrameworksBuildPhase;
			buildActionMask = 2147483647;
			files = (
			);
			runOnlyForDeploymentPostprocessing = 0;
		};
/* End PBXFrameworksBuildPhase section */

/* Begin PBXGroup section */
		5F06FA004EDCF870A44D73B8 /* Frameworks */ = {
			isa = PBXGroup;
			children = (
				EF066349866A61016AD20CDB /* Pods_ios_teaching.framework */,
			);
			name = Frameworks;
			sourceTree = "<group>";
		};
		99A46A6D874EC20654364422 /* Pods */ = {
			isa = PBXGroup;
			children = (
				C18908B561C5BFE8A952B4F1 /* Pods-ios-teaching.debug.xcconfig */,
				E08B68C6D8C69808980BF4BF /* Pods-ios-teaching.release.xcconfig */,
			);
			name = Pods;
			sourceTree = "<group>";
		};
		F10D66752087616E00B2E449 = {
			isa = PBXGroup;
			children = (
				F10D66802087616E00B2E449 /* ios-teaching */,
				F10D66982087616F00B2E449 /* ios-teachingUITests */,
				F10D667F2087616E00B2E449 /* Products */,
				99A46A6D874EC20654364422 /* Pods */,
				5F06FA004EDCF870A44D73B8 /* Frameworks */,
			);
			sourceTree = "<group>";
		};
		F10D667F2087616E00B2E449 /* Products */ = {
			isa = PBXGroup;
			children = (
				F10D667E2087616E00B2E449 /* ios-teaching.app */,
				F10D66952087616F00B2E449 /* ios-teachingUITests.xctest */,
			);
			name = Products;
			sourceTree = "<group>";
		};
		F10D66802087616E00B2E449 /* ios-teaching */ = {
			isa = PBXGroup;
			children = (
				F1A213A220A9ACB8008E9547 /* GeniricClass */,
				F1A2139320A9AA98008E9547 /* Controllers */,
				F1A2139220A9AA91008E9547 /* Modal */,
				F1A2139120A9AA8A008E9547 /* Views */,
				F1FC464F20A314FD0065C1EC /* utils */,
				F10D66812087616E00B2E449 /* AppDelegate.swift */,
				F10D66852087616E00B2E449 /* Main.storyboard */,
				F10D668B2087616E00B2E449 /* Assets.xcassets */,
				F10D668D2087616E00B2E449 /* LaunchScreen.storyboard */,
				F10D66902087616E00B2E449 /* Info.plist */,
				F10D66882087616E00B2E449 /* ios_teaching.xcdatamodeld */,
			);
			path = "ios-teaching";
			sourceTree = "<group>";
		};
		F10D66982087616F00B2E449 /* ios-teachingUITests */ = {
			isa = PBXGroup;
			children = (
				F10D66992087616F00B2E449 /* ios_teachingUITests.swift */,
				F10D669B2087616F00B2E449 /* Info.plist */,
			);
			path = "ios-teachingUITests";
			sourceTree = "<group>";
		};
		F19B1813208A1144008AFE42 /* Common */ = {
			isa = PBXGroup;
			children = (
				F10D66832087616E00B2E449 /* ProvinceVC.swift */,
				F19B1814208A1D0C008AFE42 /* ProvinceCell.swift */,
			);
			path = Common;
			sourceTree = "<group>";
		};
		F1A2139120A9AA8A008E9547 /* Views */ = {
			isa = PBXGroup;
			children = (
				F19B1813208A1144008AFE42 /* Common */,
				F11934742099E95300EE9CEC /* SettingCell.swift */,
				F1A213A420A9AD60008E9547 /* Profile */,
				F1A213A120A9AC35008E9547 /* Auth */,
				F1A2139C20A9AB44008E9547 /* Notification */,
				F1A2139920A9AAF7008E9547 /* Sell */,
				F1A2139620A9AADD008E9547 /* Introl */,
			);
			path = Views;
			sourceTree = "<group>";
		};
		F1A2139220A9AA91008E9547 /* Modal */ = {
			isa = PBXGroup;
			children = (
				F1A213A020A9AC2D008E9547 /* Auth */,
				F1A2139D20A9AB51008E9547 /* Notification */,
				F1A2139820A9AAF2008E9547 /* Sell */,
				F1A2139520A9AAD5008E9547 /* Introl */,
			);
			path = Modal;
			sourceTree = "<group>";
		};
		F1A2139320A9AA98008E9547 /* Controllers */ = {
			isa = PBXGroup;
			children = (
				F1745CE620B2EC070076B600 /* TabBarVC.swift */,
				F1A213A320A9AD30008E9547 /* Profile */,
				F1A2139F20A9AC0E008E9547 /* Auth */,
				F1A2139E20A9AB55008E9547 /* Notification */,
				F1A2139720A9AAEB008E9547 /* Sell */,
				F1A2139420A9AACC008E9547 /* Inttro */,
				F1F75216209C7B06009A87A2 /* SellSizingTableViewVC.swift */,
			);
			path = Controllers;
			sourceTree = "<group>";
		};
		F1A2139420A9AACC008E9547 /* Inttro */ = {
			isa = PBXGroup;
			children = (
				F10AD7C920A072B8007CAA65 /* IntroVC.swift */,
			);
			path = Inttro;
			sourceTree = "<group>";
		};
		F1A2139520A9AAD5008E9547 /* Introl */ = {
			isa = PBXGroup;
			children = (
				F1A2139A20A9AB1C008E9547 /* Intro.swift */,
			);
			path = Introl;
			sourceTree = "<group>";
		};
		F1A2139620A9AADD008E9547 /* Introl */ = {
			isa = PBXGroup;
			children = (
				F10AD7CB20A074CF007CAA65 /* IntroCell.swift */,
			);
			path = Introl;
			sourceTree = "<group>";
		};
		F1A2139720A9AAEB008E9547 /* Sell */ = {
			isa = PBXGroup;
			children = (
				F10D66AC208770A600B2E449 /* SellingTableVC.swift */,
			);
			path = Sell;
			sourceTree = "<group>";
		};
		F1A2139820A9AAF2008E9547 /* Sell */ = {
			isa = PBXGroup;
			children = (
				F1A8C39A20AEF1E7001A3B74 /* Product.swift */,
				F1A8C3A020AEF94A001A3B74 /* ProductInfo.swift */,
				F1A8C39E20AEF68A001A3B74 /* Unit.swift */,
				F1A8C39C20AEF661001A3B74 /* Category.swift */,
			);
			path = Sell;
			sourceTree = "<group>";
		};
		F1A2139920A9AAF7008E9547 /* Sell */ = {
			isa = PBXGroup;
			children = (
				F10D66AE2087767F00B2E449 /* SellingCell.swift */,
			);
			path = Sell;
			sourceTree = "<group>";
		};
		F1A2139C20A9AB44008E9547 /* Notification */ = {
			isa = PBXGroup;
			children = (
				F1FC465320A32AC50065C1EC /* NotificationVC.xib */,
			);
			path = Notification;
			sourceTree = "<group>";
		};
		F1A2139D20A9AB51008E9547 /* Notification */ = {
			isa = PBXGroup;
			children = (
			);
			path = Notification;
			sourceTree = "<group>";
		};
		F1A2139E20A9AB55008E9547 /* Notification */ = {
			isa = PBXGroup;
			children = (
				F1FC465220A32AC50065C1EC /* NotificationVC.swift */,
			);
			path = Notification;
			sourceTree = "<group>";
		};
		F1A2139F20A9AC0E008E9547 /* Auth */ = {
			isa = PBXGroup;
			children = (
				F10D66A52087623F00B2E449 /* LoginVC.swift */,
			);
			path = Auth;
			sourceTree = "<group>";
		};
		F1A213A020A9AC2D008E9547 /* Auth */ = {
			isa = PBXGroup;
			children = (
			);
			path = Auth;
			sourceTree = "<group>";
		};
		F1A213A120A9AC35008E9547 /* Auth */ = {
			isa = PBXGroup;
			children = (
			);
			path = Auth;
			sourceTree = "<group>";
		};
		F1A213A220A9ACB8008E9547 /* GeniricClass */ = {
			isa = PBXGroup;
			children = (
				F10D66A7208767F100B2E449 /* CornerRadiusView.swift */,
				F10D66A920876B6200B2E449 /* CornerRadiusButton.swift */,
				F11BFD912099E07C00351130 /* RoundAvatar.swift */,
			);
			path = GeniricClass;
			sourceTree = "<group>";
		};
		F1A213A320A9AD30008E9547 /* Profile */ = {
			isa = PBXGroup;
			children = (
				F11BFD942099E23400351130 /* ProfileVC.swift */,
				F1FC464D20A314BC0065C1EC /* ProfileVC+UITableViewDataSource.swift */,
			);
			path = Profile;
			sourceTree = "<group>";
		};
		F1A213A420A9AD60008E9547 /* Profile */ = {
			isa = PBXGroup;
			children = (
				F11BFD962099E2DA00351130 /* ProfileCell.swift */,
			);
			path = Profile;
			sourceTree = "<group>";
		};
		F1FC464F20A314FD0065C1EC /* utils */ = {
			isa = PBXGroup;
			children = (
				F1FC465020A315110065C1EC /* Extensions.swift */,
				F1A213A620A9B060008E9547 /* Api.swift */,
			);
			path = utils;
			sourceTree = "<group>";
		};
/* End PBXGroup section */

/* Begin PBXNativeTarget section */
		F10D667D2087616E00B2E449 /* ios-teaching */ = {
			isa = PBXNativeTarget;
			buildConfigurationList = F10D669E2087616F00B2E449 /* Build configuration list for PBXNativeTarget "ios-teaching" */;
			buildPhases = (
				D485A988AC3DB3E6D80B73DE /* [CP] Check Pods Manifest.lock */,
				F10D667A2087616E00B2E449 /* Sources */,
				F10D667B2087616E00B2E449 /* Frameworks */,
				F10D667C2087616E00B2E449 /* Resources */,
				6576EB36F74DAD6154FF6AA1 /* [CP] Embed Pods Frameworks */,
				8306672727F12B734C2E923F /* [CP] Copy Pods Resources */,
			);
			buildRules = (
			);
			dependencies = (
			);
			name = "ios-teaching";
			productName = "ios-teaching";
			productReference = F10D667E2087616E00B2E449 /* ios-teaching.app */;
			productType = "com.apple.product-type.application";
		};
		F10D66942087616F00B2E449 /* ios-teachingUITests */ = {
			isa = PBXNativeTarget;
			buildConfigurationList = F10D66A12087616F00B2E449 /* Build configuration list for PBXNativeTarget "ios-teachingUITests" */;
			buildPhases = (
				F10D66912087616F00B2E449 /* Sources */,
				F10D66922087616F00B2E449 /* Frameworks */,
				F10D66932087616F00B2E449 /* Resources */,
			);
			buildRules = (
			);
			dependencies = (
				F10D66972087616F00B2E449 /* PBXTargetDependency */,
			);
			name = "ios-teachingUITests";
			productName = "ios-teachingUITests";
			productReference = F10D66952087616F00B2E449 /* ios-teachingUITests.xctest */;
			productType = "com.apple.product-type.bundle.ui-testing";
		};
/* End PBXNativeTarget section */

/* Begin PBXProject section */
		F10D66762087616E00B2E449 /* Project object */ = {
			isa = PBXProject;
			attributes = {
				LastSwiftUpdateCheck = 0920;
				LastUpgradeCheck = 0920;
				ORGANIZATIONNAME = "Ha Linh";
				TargetAttributes = {
					F10D667D2087616E00B2E449 = {
						CreatedOnToolsVersion = 9.2;
						ProvisioningStyle = Automatic;
					};
					F10D66942087616F00B2E449 = {
						CreatedOnToolsVersion = 9.2;
						ProvisioningStyle = Automatic;
						TestTargetID = F10D667D2087616E00B2E449;
					};
				};
			};
			buildConfigurationList = F10D66792087616E00B2E449 /* Build configuration list for PBXProject "ios-teaching" */;
			compatibilityVersion = "Xcode 8.0";
			developmentRegion = en;
			hasScannedForEncodings = 0;
			knownRegions = (
				en,
				Base,
			);
			mainGroup = F10D66752087616E00B2E449;
			productRefGroup = F10D667F2087616E00B2E449 /* Products */;
			projectDirPath = "";
			projectRoot = "";
			targets = (
				F10D667D2087616E00B2E449 /* ios-teaching */,
				F10D66942087616F00B2E449 /* ios-teachingUITests */,
			);
		};
/* End PBXProject section */

/* Begin PBXResourcesBuildPhase section */
		F10D667C2087616E00B2E449 /* Resources */ = {
			isa = PBXResourcesBuildPhase;
			buildActionMask = 2147483647;
			files = (
				F10D668F2087616E00B2E449 /* LaunchScreen.storyboard in Resources */,
				F10D668C2087616E00B2E449 /* Assets.xcassets in Resources */,
				F10D66872087616E00B2E449 /* Main.storyboard in Resources */,
				F1FC465520A32AC50065C1EC /* NotificationVC.xib in Resources */,
			);
			runOnlyForDeploymentPostprocessing = 0;
		};
		F10D66932087616F00B2E449 /* Resources */ = {
			isa = PBXResourcesBuildPhase;
			buildActionMask = 2147483647;
			files = (
			);
			runOnlyForDeploymentPostprocessing = 0;
		};
/* End PBXResourcesBuildPhase section */

/* Begin PBXShellScriptBuildPhase section */
		6576EB36F74DAD6154FF6AA1 /* [CP] Embed Pods Frameworks */ = {
			isa = PBXShellScriptBuildPhase;
			buildActionMask = 2147483647;
			files = (
			);
			inputPaths = (
				"${SRCROOT}/Pods/Target Support Files/Pods-ios-teaching/Pods-ios-teaching-frameworks.sh",
				"${BUILT_PRODUCTS_DIR}/Alamofire/Alamofire.framework",
				"${BUILT_PRODUCTS_DIR}/SwiftyJSON/SwiftyJSON.framework",
			);
			name = "[CP] Embed Pods Frameworks";
			outputPaths = (
				"${TARGET_BUILD_DIR}/${FRAMEWORKS_FOLDER_PATH}/Alamofire.framework",
				"${TARGET_BUILD_DIR}/${FRAMEWORKS_FOLDER_PATH}/SwiftyJSON.framework",
			);
			runOnlyForDeploymentPostprocessing = 0;
			shellPath = /bin/sh;
			shellScript = "\"${SRCROOT}/Pods/Target Support Files/Pods-ios-teaching/Pods-ios-teaching-frameworks.sh\"\n";
			showEnvVarsInLog = 0;
		};
		8306672727F12B734C2E923F /* [CP] Copy Pods Resources */ = {
			isa = PBXShellScriptBuildPhase;
			buildActionMask = 2147483647;
			files = (
			);
			inputPaths = (
			);
			name = "[CP] Copy Pods Resources";
			outputPaths = (
			);
			runOnlyForDeploymentPostprocessing = 0;
			shellPath = /bin/sh;
			shellScript = "\"${SRCROOT}/Pods/Target Support Files/Pods-ios-teaching/Pods-ios-teaching-resources.sh\"\n";
			showEnvVarsInLog = 0;
		};
		D485A988AC3DB3E6D80B73DE /* [CP] Check Pods Manifest.lock */ = {
			isa = PBXShellScriptBuildPhase;
			buildActionMask = 2147483647;
			files = (
			);
			inputPaths = (
				"${PODS_PODFILE_DIR_PATH}/Podfile.lock",
				"${PODS_ROOT}/Manifest.lock",
			);
			name = "[CP] Check Pods Manifest.lock";
			outputPaths = (
				"$(DERIVED_FILE_DIR)/Pods-ios-teaching-checkManifestLockResult.txt",
			);
			runOnlyForDeploymentPostprocessing = 0;
			shellPath = /bin/sh;
			shellScript = "diff \"${PODS_PODFILE_DIR_PATH}/Podfile.lock\" \"${PODS_ROOT}/Manifest.lock\" > /dev/null\nif [ $? != 0 ] ; then\n    # print error to STDERR\n    echo \"error: The sandbox is not in sync with the Podfile.lock. Run 'pod install' or update your CocoaPods installation.\" >&2\n    exit 1\nfi\n# This output is used by Xcode 'outputs' to avoid re-running this script phase.\necho \"SUCCESS\" > \"${SCRIPT_OUTPUT_FILE_0}\"\n";
			showEnvVarsInLog = 0;
		};
/* End PBXShellScriptBuildPhase section */

/* Begin PBXSourcesBuildPhase section */
		F10D667A2087616E00B2E449 /* Sources */ = {
			isa = PBXSourcesBuildPhase;
			buildActionMask = 2147483647;
			files = (
				F1A8C39B20AEF1E7001A3B74 /* Product.swift in Sources */,
				F19B1815208A1D0C008AFE42 /* ProvinceCell.swift in Sources */,
				F10D66AA20876B6200B2E449 /* CornerRadiusButton.swift in Sources */,
				F10D66A8208767F100B2E449 /* CornerRadiusView.swift in Sources */,
				F1F75217209C7B06009A87A2 /* SellSizingTableViewVC.swift in Sources */,
				F10D66AF2087767F00B2E449 /* SellingCell.swift in Sources */,
				F1FC465420A32AC50065C1EC /* NotificationVC.swift in Sources */,
				F10AD7CA20A072B8007CAA65 /* IntroVC.swift in Sources */,
				F1745CE720B2EC070076B600 /* TabBarVC.swift in Sources */,
				F1FC465120A315110065C1EC /* Extensions.swift in Sources */,
				F10AD7CC20A074CF007CAA65 /* IntroCell.swift in Sources */,
				F10D668A2087616E00B2E449 /* ios_teaching.xcdatamodeld in Sources */,
				F1A2139B20A9AB1C008E9547 /* Intro.swift in Sources */,
				F10D66AD208770A600B2E449 /* SellingTableVC.swift in Sources */,
				F1A8C3A120AEF94A001A3B74 /* ProductInfo.swift in Sources */,
				F1A213A720A9B060008E9547 /* Api.swift in Sources */,
				F1A8C39D20AEF661001A3B74 /* Category.swift in Sources */,
				F10D66842087616E00B2E449 /* ProvinceVC.swift in Sources */,
				F1FC464E20A314BC0065C1EC /* ProfileVC+UITableViewDataSource.swift in Sources */,
				F11934752099E95300EE9CEC /* SettingCell.swift in Sources */,
				F10D66A62087623F00B2E449 /* LoginVC.swift in Sources */,
				F10D66822087616E00B2E449 /* AppDelegate.swift in Sources */,
				F11BFD972099E2DA00351130 /* ProfileCell.swift in Sources */,
				F1A8C39F20AEF68A001A3B74 /* Unit.swift in Sources */,
				F11BFD952099E23400351130 /* ProfileVC.swift in Sources */,
				F11BFD922099E07C00351130 /* RoundAvatar.swift in Sources */,
			);
			runOnlyForDeploymentPostprocessing = 0;
		};
		F10D66912087616F00B2E449 /* Sources */ = {
			isa = PBXSourcesBuildPhase;
			buildActionMask = 2147483647;
			files = (
				F10D669A2087616F00B2E449 /* ios_teachingUITests.swift in Sources */,
			);
			runOnlyForDeploymentPostprocessing = 0;
		};
/* End PBXSourcesBuildPhase section */

/* Begin PBXTargetDependency section */
		F10D66972087616F00B2E449 /* PBXTargetDependency */ = {
			isa = PBXTargetDependency;
			target = F10D667D2087616E00B2E449 /* ios-teaching */;
			targetProxy = F10D66962087616F00B2E449 /* PBXContainerItemProxy */;
		};
/* End PBXTargetDependency section */

/* Begin PBXVariantGroup section */
		F10D66852087616E00B2E449 /* Main.storyboard */ = {
			isa = PBXVariantGroup;
			children = (
				F10D66862087616E00B2E449 /* Base */,
			);
			name = Main.storyboard;
			sourceTree = "<group>";
		};
		F10D668D2087616E00B2E449 /* LaunchScreen.storyboard */ = {
			isa = PBXVariantGroup;
			children = (
				F10D668E2087616E00B2E449 /* Base */,
			);
			name = LaunchScreen.storyboard;
			sourceTree = "<group>";
		};
/* End PBXVariantGroup section */

/* Begin XCBuildConfiguration section */
		F10D669C2087616F00B2E449 /* Debug */ = {
			isa = XCBuildConfiguration;
			buildSettings = {
				ALWAYS_SEARCH_USER_PATHS = NO;
				CLANG_ANALYZER_NONNULL = YES;
				CLANG_ANALYZER_NUMBER_OBJECT_CONVERSION = YES_AGGRESSIVE;
				CLANG_CXX_LANGUAGE_STANDARD = "gnu++14";
				CLANG_CXX_LIBRARY = "libc++";
				CLANG_ENABLE_MODULES = YES;
				CLANG_ENABLE_OBJC_ARC = YES;
				CLANG_WARN_BLOCK_CAPTURE_AUTORELEASING = YES;
				CLANG_WARN_BOOL_CONVERSION = YES;
				CLANG_WARN_COMMA = YES;
				CLANG_WARN_CONSTANT_CONVERSION = YES;
				CLANG_WARN_DIRECT_OBJC_ISA_USAGE = YES_ERROR;
				CLANG_WARN_DOCUMENTATION_COMMENTS = YES;
				CLANG_WARN_EMPTY_BODY = YES;
				CLANG_WARN_ENUM_CONVERSION = YES;
				CLANG_WARN_INFINITE_RECURSION = YES;
				CLANG_WARN_INT_CONVERSION = YES;
				CLANG_WARN_NON_LITERAL_NULL_CONVERSION = YES;
				CLANG_WARN_OBJC_LITERAL_CONVERSION = YES;
				CLANG_WARN_OBJC_ROOT_CLASS = YES_ERROR;
				CLANG_WARN_RANGE_LOOP_ANALYSIS = YES;
				CLANG_WARN_STRICT_PROTOTYPES = YES;
				CLANG_WARN_SUSPICIOUS_MOVE = YES;
				CLANG_WARN_UNGUARDED_AVAILABILITY = YES_AGGRESSIVE;
				CLANG_WARN_UNREACHABLE_CODE = YES;
				CLANG_WARN__DUPLICATE_METHOD_MATCH = YES;
				CODE_SIGN_IDENTITY = "iPhone Developer";
				COPY_PHASE_STRIP = NO;
				DEBUG_INFORMATION_FORMAT = dwarf;
				ENABLE_STRICT_OBJC_MSGSEND = YES;
				ENABLE_TESTABILITY = YES;
				GCC_C_LANGUAGE_STANDARD = gnu11;
				GCC_DYNAMIC_NO_PIC = NO;
				GCC_NO_COMMON_BLOCKS = YES;
				GCC_OPTIMIZATION_LEVEL = 0;
				GCC_PREPROCESSOR_DEFINITIONS = (
					"DEBUG=1",
					"$(inherited)",
				);
				GCC_WARN_64_TO_32_BIT_CONVERSION = YES;
				GCC_WARN_ABOUT_RETURN_TYPE = YES_ERROR;
				GCC_WARN_UNDECLARED_SELECTOR = YES;
				GCC_WARN_UNINITIALIZED_AUTOS = YES_AGGRESSIVE;
				GCC_WARN_UNUSED_FUNCTION = YES;
				GCC_WARN_UNUSED_VARIABLE = YES;
				IPHONEOS_DEPLOYMENT_TARGET = 11.2;
				MTL_ENABLE_DEBUG_INFO = YES;
				ONLY_ACTIVE_ARCH = YES;
				SDKROOT = iphoneos;
				SWIFT_ACTIVE_COMPILATION_CONDITIONS = DEBUG;
				SWIFT_OPTIMIZATION_LEVEL = "-Onone";
			};
			name = Debug;
		};
		F10D669D2087616F00B2E449 /* Release */ = {
			isa = XCBuildConfiguration;
			buildSettings = {
				ALWAYS_SEARCH_USER_PATHS = NO;
				CLANG_ANALYZER_NONNULL = YES;
				CLANG_ANALYZER_NUMBER_OBJECT_CONVERSION = YES_AGGRESSIVE;
				CLANG_CXX_LANGUAGE_STANDARD = "gnu++14";
				CLANG_CXX_LIBRARY = "libc++";
				CLANG_ENABLE_MODULES = YES;
				CLANG_ENABLE_OBJC_ARC = YES;
				CLANG_WARN_BLOCK_CAPTURE_AUTORELEASING = YES;
				CLANG_WARN_BOOL_CONVERSION = YES;
				CLANG_WARN_COMMA = YES;
				CLANG_WARN_CONSTANT_CONVERSION = YES;
				CLANG_WARN_DIRECT_OBJC_ISA_USAGE = YES_ERROR;
				CLANG_WARN_DOCUMENTATION_COMMENTS = YES;
				CLANG_WARN_EMPTY_BODY = YES;
				CLANG_WARN_ENUM_CONVERSION = YES;
				CLANG_WARN_INFINITE_RECURSION = YES;
				CLANG_WARN_INT_CONVERSION = YES;
				CLANG_WARN_NON_LITERAL_NULL_CONVERSION = YES;
				CLANG_WARN_OBJC_LITERAL_CONVERSION = YES;
				CLANG_WARN_OBJC_ROOT_CLASS = YES_ERROR;
				CLANG_WARN_RANGE_LOOP_ANALYSIS = YES;
				CLANG_WARN_STRICT_PROTOTYPES = YES;
				CLANG_WARN_SUSPICIOUS_MOVE = YES;
				CLANG_WARN_UNGUARDED_AVAILABILITY = YES_AGGRESSIVE;
				CLANG_WARN_UNREACHABLE_CODE = YES;
				CLANG_WARN__DUPLICATE_METHOD_MATCH = YES;
				CODE_SIGN_IDENTITY = "iPhone Developer";
				COPY_PHASE_STRIP = NO;
				DEBUG_INFORMATION_FORMAT = "dwarf-with-dsym";
				ENABLE_NS_ASSERTIONS = NO;
				ENABLE_STRICT_OBJC_MSGSEND = YES;
				GCC_C_LANGUAGE_STANDARD = gnu11;
				GCC_NO_COMMON_BLOCKS = YES;
				GCC_WARN_64_TO_32_BIT_CONVERSION = YES;
				GCC_WARN_ABOUT_RETURN_TYPE = YES_ERROR;
				GCC_WARN_UNDECLARED_SELECTOR = YES;
				GCC_WARN_UNINITIALIZED_AUTOS = YES_AGGRESSIVE;
				GCC_WARN_UNUSED_FUNCTION = YES;
				GCC_WARN_UNUSED_VARIABLE = YES;
				IPHONEOS_DEPLOYMENT_TARGET = 11.2;
				MTL_ENABLE_DEBUG_INFO = NO;
				SDKROOT = iphoneos;
				SWIFT_OPTIMIZATION_LEVEL = "-Owholemodule";
				VALIDATE_PRODUCT = YES;
			};
			name = Release;
		};
		F10D669F2087616F00B2E449 /* Debug */ = {
			isa = XCBuildConfiguration;
			baseConfigurationReference = C18908B561C5BFE8A952B4F1 /* Pods-ios-teaching.debug.xcconfig */;
			buildSettings = {
				ASSETCATALOG_COMPILER_APPICON_NAME = AppIcon;
				CODE_SIGN_STYLE = Automatic;
				DEVELOPMENT_TEAM = 742XK6G244;
				INFOPLIST_FILE = "ios-teaching/Info.plist";
				LD_RUNPATH_SEARCH_PATHS = "$(inherited) @executable_path/Frameworks";
				PRODUCT_BUNDLE_IDENTIFIER = "halinh.ios-teaching";
				PRODUCT_NAME = "$(TARGET_NAME)";
				SWIFT_VERSION = 4.0;
				TARGETED_DEVICE_FAMILY = "1,2";
			};
			name = Debug;
		};
		F10D66A02087616F00B2E449 /* Release */ = {
			isa = XCBuildConfiguration;
			baseConfigurationReference = E08B68C6D8C69808980BF4BF /* Pods-ios-teaching.release.xcconfig */;
			buildSettings = {
				ASSETCATALOG_COMPILER_APPICON_NAME = AppIcon;
				CODE_SIGN_STYLE = Automatic;
				DEVELOPMENT_TEAM = 742XK6G244;
				INFOPLIST_FILE = "ios-teaching/Info.plist";
				LD_RUNPATH_SEARCH_PATHS = "$(inherited) @executable_path/Frameworks";
				PRODUCT_BUNDLE_IDENTIFIER = "halinh.ios-teaching";
				PRODUCT_NAME = "$(TARGET_NAME)";
				SWIFT_VERSION = 4.0;
				TARGETED_DEVICE_FAMILY = "1,2";
			};
			name = Release;
		};
		F10D66A22087616F00B2E449 /* Debug */ = {
			isa = XCBuildConfiguration;
			buildSettings = {
				ALWAYS_EMBED_SWIFT_STANDARD_LIBRARIES = YES;
				CODE_SIGN_STYLE = Automatic;
				DEVELOPMENT_TEAM = 742XK6G244;
				INFOPLIST_FILE = "ios-teachingUITests/Info.plist";
				LD_RUNPATH_SEARCH_PATHS = "$(inherited) @executable_path/Frameworks @loader_path/Frameworks";
				PRODUCT_BUNDLE_IDENTIFIER = "halinh.ios-teachingUITests";
				PRODUCT_NAME = "$(TARGET_NAME)";
				SWIFT_VERSION = 4.0;
				TARGETED_DEVICE_FAMILY = "1,2";
				TEST_TARGET_NAME = "ios-teaching";
			};
			name = Debug;
		};
		F10D66A32087616F00B2E449 /* Release */ = {
			isa = XCBuildConfiguration;
			buildSettings = {
				ALWAYS_EMBED_SWIFT_STANDARD_LIBRARIES = YES;
				CODE_SIGN_STYLE = Automatic;
				DEVELOPMENT_TEAM = 742XK6G244;
				INFOPLIST_FILE = "ios-teachingUITests/Info.plist";
				LD_RUNPATH_SEARCH_PATHS = "$(inherited) @executable_path/Frameworks @loader_path/Frameworks";
				PRODUCT_BUNDLE_IDENTIFIER = "halinh.ios-teachingUITests";
				PRODUCT_NAME = "$(TARGET_NAME)";
				SWIFT_VERSION = 4.0;
				TARGETED_DEVICE_FAMILY = "1,2";
				TEST_TARGET_NAME = "ios-teaching";
			};
			name = Release;
		};
/* End XCBuildConfiguration section */

/* Begin XCConfigurationList section */
		F10D66792087616E00B2E449 /* Build configuration list for PBXProject "ios-teaching" */ = {
			isa = XCConfigurationList;
			buildConfigurations = (
				F10D669C2087616F00B2E449 /* Debug */,
				F10D669D2087616F00B2E449 /* Release */,
			);
			defaultConfigurationIsVisible = 0;
			defaultConfigurationName = Release;
		};
		F10D669E2087616F00B2E449 /* Build configuration list for PBXNativeTarget "ios-teaching" */ = {
			isa = XCConfigurationList;
			buildConfigurations = (
				F10D669F2087616F00B2E449 /* Debug */,
				F10D66A02087616F00B2E449 /* Release */,
			);
			defaultConfigurationIsVisible = 0;
			defaultConfigurationName = Release;
		};
		F10D66A12087616F00B2E449 /* Build configuration list for PBXNativeTarget "ios-teachingUITests" */ = {
			isa = XCConfigurationList;
			buildConfigurations = (
				F10D66A22087616F00B2E449 /* Debug */,
				F10D66A32087616F00B2E449 /* Release */,
			);
			defaultConfigurationIsVisible = 0;
			defaultConfigurationName = Release;
		};
/* End XCConfigurationList section */

/* Begin XCVersionGroup section */
		F10D66882087616E00B2E449 /* ios_teaching.xcdatamodeld */ = {
			isa = XCVersionGroup;
			children = (
				F10D66892087616E00B2E449 /* ios_teaching.xcdatamodel */,
			);
			currentVersion = F10D66892087616E00B2E449 /* ios_teaching.xcdatamodel */;
			path = ios_teaching.xcdatamodeld;
			sourceTree = "<group>";
			versionGroupType = wrapper.xcdatamodel;
		};
/* End XCVersionGroup section */
	};
	rootObject = F10D66762087616E00B2E449 /* Project object */;
}
